// !$*UTF8*$!
{
	archiveVersion = 1;
	classes = {
	};
	objectVersion = 46;
	objects = {

/* Begin PBXBuildFile section */
		26A986961E002FA600AB8261 /* AppDelegate.swift in Sources */ = {isa = PBXBuildFile; fileRef = 26A986951E002FA600AB8261 /* AppDelegate.swift */; };
		26A986981E002FA600AB8261 /* ViewController.swift in Sources */ = {isa = PBXBuildFile; fileRef = 26A986971E002FA600AB8261 /* ViewController.swift */; };
		26A9869B1E002FA600AB8261 /* Main.storyboard in Resources */ = {isa = PBXBuildFile; fileRef = 26A986991E002FA600AB8261 /* Main.storyboard */; };
		26A9869D1E002FA600AB8261 /* Assets.xcassets in Resources */ = {isa = PBXBuildFile; fileRef = 26A9869C1E002FA600AB8261 /* Assets.xcassets */; };
		26A986A01E002FA600AB8261 /* LaunchScreen.storyboard in Resources */ = {isa = PBXBuildFile; fileRef = 26A9869E1E002FA600AB8261 /* LaunchScreen.storyboard */; };
		26A986AB1E002FA600AB8261 /* WhiteBoardTests.swift in Sources */ = {isa = PBXBuildFile; fileRef = 26A986AA1E002FA600AB8261 /* WhiteBoardTests.swift */; };
		26A986B61E002FA600AB8261 /* WhiteBoardUITests.swift in Sources */ = {isa = PBXBuildFile; fileRef = 26A986B51E002FA600AB8261 /* WhiteBoardUITests.swift */; };
		26A986C51E00508A00AB8261 /* CanvasViewController.swift in Sources */ = {isa = PBXBuildFile; fileRef = 26A986C41E00508A00AB8261 /* CanvasViewController.swift */; };
		26A986C81E00529F00AB8261 /* CanvasView.swift in Sources */ = {isa = PBXBuildFile; fileRef = 26A986C71E00529F00AB8261 /* CanvasView.swift */; };
		26A986CA1E00BC4100AB8261 /* Mark.swift in Sources */ = {isa = PBXBuildFile; fileRef = 26A986C91E00BC4100AB8261 /* Mark.swift */; };
		26A986CC1E01953C00AB8261 /* Vertex.swift in Sources */ = {isa = PBXBuildFile; fileRef = 26A986CB1E01953C00AB8261 /* Vertex.swift */; };
		26A986CE1E019C5200AB8261 /* Dot.swift in Sources */ = {isa = PBXBuildFile; fileRef = 26A986CD1E019C5200AB8261 /* Dot.swift */; };
		D7D63CA162FB24F70E03A1DE /* Pods_WhiteBoard.framework in Frameworks */ = {isa = PBXBuildFile; fileRef = AB11945E82C71326CAE2776C /* Pods_WhiteBoard.framework */; };
/* End PBXBuildFile section */

/* Begin PBXContainerItemProxy section */
		26A986A71E002FA600AB8261 /* PBXContainerItemProxy */ = {
			isa = PBXContainerItemProxy;
			containerPortal = 26A9868A1E002FA600AB8261 /* Project object */;
			proxyType = 1;
			remoteGlobalIDString = 26A986911E002FA600AB8261;
			remoteInfo = WhiteBoard;
		};
		26A986B21E002FA600AB8261 /* PBXContainerItemProxy */ = {
			isa = PBXContainerItemProxy;
			containerPortal = 26A9868A1E002FA600AB8261 /* Project object */;
			proxyType = 1;
			remoteGlobalIDString = 26A986911E002FA600AB8261;
			remoteInfo = WhiteBoard;
		};
/* End PBXContainerItemProxy section */

/* Begin PBXFileReference section */
		032D52A058029E0EB61FCB3E /* Pods-WhiteBoard.debug.xcconfig */ = {isa = PBXFileReference; includeInIndex = 1; lastKnownFileType = text.xcconfig; name = "Pods-WhiteBoard.debug.xcconfig"; path = "Pods/Target Support Files/Pods-WhiteBoard/Pods-WhiteBoard.debug.xcconfig"; sourceTree = "<group>"; };
		26A986921E002FA600AB8261 /* WhiteBoard.app */ = {isa = PBXFileReference; explicitFileType = wrapper.application; includeInIndex = 0; path = WhiteBoard.app; sourceTree = BUILT_PRODUCTS_DIR; };
		26A986951E002FA600AB8261 /* AppDelegate.swift */ = {isa = PBXFileReference; lastKnownFileType = sourcecode.swift; path = AppDelegate.swift; sourceTree = "<group>"; };
		26A986971E002FA600AB8261 /* ViewController.swift */ = {isa = PBXFileReference; lastKnownFileType = sourcecode.swift; path = ViewController.swift; sourceTree = "<group>"; };
		26A9869A1E002FA600AB8261 /* Base */ = {isa = PBXFileReference; lastKnownFileType = file.storyboard; name = Base; path = Base.lproj/Main.storyboard; sourceTree = "<group>"; };
		26A9869C1E002FA600AB8261 /* Assets.xcassets */ = {isa = PBXFileReference; lastKnownFileType = folder.assetcatalog; path = Assets.xcassets; sourceTree = "<group>"; };
		26A9869F1E002FA600AB8261 /* Base */ = {isa = PBXFileReference; lastKnownFileType = file.storyboard; name = Base; path = Base.lproj/LaunchScreen.storyboard; sourceTree = "<group>"; };
		26A986A11E002FA600AB8261 /* Info.plist */ = {isa = PBXFileReference; lastKnownFileType = text.plist.xml; path = Info.plist; sourceTree = "<group>"; };
		26A986A61E002FA600AB8261 /* WhiteBoardTests.xctest */ = {isa = PBXFileReference; explicitFileType = wrapper.cfbundle; includeInIndex = 0; path = WhiteBoardTests.xctest; sourceTree = BUILT_PRODUCTS_DIR; };
		26A986AA1E002FA600AB8261 /* WhiteBoardTests.swift */ = {isa = PBXFileReference; lastKnownFileType = sourcecode.swift; path = WhiteBoardTests.swift; sourceTree = "<group>"; };
		26A986AC1E002FA600AB8261 /* Info.plist */ = {isa = PBXFileReference; lastKnownFileType = text.plist.xml; path = Info.plist; sourceTree = "<group>"; };
		26A986B11E002FA600AB8261 /* WhiteBoardUITests.xctest */ = {isa = PBXFileReference; explicitFileType = wrapper.cfbundle; includeInIndex = 0; path = WhiteBoardUITests.xctest; sourceTree = BUILT_PRODUCTS_DIR; };
		26A986B51E002FA600AB8261 /* WhiteBoardUITests.swift */ = {isa = PBXFileReference; lastKnownFileType = sourcecode.swift; path = WhiteBoardUITests.swift; sourceTree = "<group>"; };
		26A986B71E002FA600AB8261 /* Info.plist */ = {isa = PBXFileReference; lastKnownFileType = text.plist.xml; path = Info.plist; sourceTree = "<group>"; };
		26A986C41E00508A00AB8261 /* CanvasViewController.swift */ = {isa = PBXFileReference; fileEncoding = 4; lastKnownFileType = sourcecode.swift; name = CanvasViewController.swift; path = Canvas/CanvasViewController.swift; sourceTree = "<group>"; };
		26A986C71E00529F00AB8261 /* CanvasView.swift */ = {isa = PBXFileReference; fileEncoding = 4; lastKnownFileType = sourcecode.swift; name = CanvasView.swift; path = Canvas/CanvasView.swift; sourceTree = "<group>"; };
		26A986C91E00BC4100AB8261 /* Mark.swift */ = {isa = PBXFileReference; fileEncoding = 4; lastKnownFileType = sourcecode.swift; path = Mark.swift; sourceTree = "<group>"; };
		26A986CB1E01953C00AB8261 /* Vertex.swift */ = {isa = PBXFileReference; fileEncoding = 4; lastKnownFileType = sourcecode.swift; name = Vertex.swift; path = Canvas/Canvas/Vertex.swift; sourceTree = "<group>"; };
		26A986CD1E019C5200AB8261 /* Dot.swift */ = {isa = PBXFileReference; fileEncoding = 4; lastKnownFileType = sourcecode.swift; name = Dot.swift; path = Canvas/Dot.swift; sourceTree = "<group>"; };
		2ADDCFC7A3124F82EEDF8421 /* Pods-WhiteBoard.release.xcconfig */ = {isa = PBXFileReference; includeInIndex = 1; lastKnownFileType = text.xcconfig; name = "Pods-WhiteBoard.release.xcconfig"; path = "Pods/Target Support Files/Pods-WhiteBoard/Pods-WhiteBoard.release.xcconfig"; sourceTree = "<group>"; };
		AB11945E82C71326CAE2776C /* Pods_WhiteBoard.framework */ = {isa = PBXFileReference; explicitFileType = wrapper.framework; includeInIndex = 0; path = Pods_WhiteBoard.framework; sourceTree = BUILT_PRODUCTS_DIR; };
/* End PBXFileReference section */

/* Begin PBXFrameworksBuildPhase section */
		26A9868F1E002FA600AB8261 /* Frameworks */ = {
			isa = PBXFrameworksBuildPhase;
			buildActionMask = 2147483647;
			files = (
				D7D63CA162FB24F70E03A1DE /* Pods_WhiteBoard.framework in Frameworks */,
			);
			runOnlyForDeploymentPostprocessing = 0;
		};
		26A986A31E002FA600AB8261 /* Frameworks */ = {
			isa = PBXFrameworksBuildPhase;
			buildActionMask = 2147483647;
			files = (
			);
			runOnlyForDeploymentPostprocessing = 0;
		};
		26A986AE1E002FA600AB8261 /* Frameworks */ = {
			isa = PBXFrameworksBuildPhase;
			buildActionMask = 2147483647;
			files = (
			);
			runOnlyForDeploymentPostprocessing = 0;
		};
/* End PBXFrameworksBuildPhase section */

/* Begin PBXGroup section */
		0D8F8346642A20522D48D934 /* Frameworks */ = {
			isa = PBXGroup;
			children = (
				AB11945E82C71326CAE2776C /* Pods_WhiteBoard.framework */,
			);
			name = Frameworks;
			sourceTree = "<group>";
		};
		26A986891E002FA600AB8261 = {
			isa = PBXGroup;
			children = (
				26A986941E002FA600AB8261 /* WhiteBoard */,
				26A986A91E002FA600AB8261 /* WhiteBoardTests */,
				26A986B41E002FA600AB8261 /* WhiteBoardUITests */,
				26A986931E002FA600AB8261 /* Products */,
				65DC839C1E663A20BBA48C0A /* Pods */,
				0D8F8346642A20522D48D934 /* Frameworks */,
			);
			sourceTree = "<group>";
		};
		26A986931E002FA600AB8261 /* Products */ = {
			isa = PBXGroup;
			children = (
				26A986921E002FA600AB8261 /* WhiteBoard.app */,
				26A986A61E002FA600AB8261 /* WhiteBoardTests.xctest */,
				26A986B11E002FA600AB8261 /* WhiteBoardUITests.xctest */,
			);
			name = Products;
			sourceTree = "<group>";
		};
		26A986941E002FA600AB8261 /* WhiteBoard */ = {
			isa = PBXGroup;
			children = (
				26A986C61E00509000AB8261 /* Canvas */,
				26A986C31E004FA400AB8261 /* Auxliary */,
				26A986971E002FA600AB8261 /* ViewController.swift */,
				26A986991E002FA600AB8261 /* Main.storyboard */,
				26A9869C1E002FA600AB8261 /* Assets.xcassets */,
				26A9869E1E002FA600AB8261 /* LaunchScreen.storyboard */,
				26A986A11E002FA600AB8261 /* Info.plist */,
			);
			path = WhiteBoard;
			sourceTree = "<group>";
		};
		26A986A91E002FA600AB8261 /* WhiteBoardTests */ = {
			isa = PBXGroup;
			children = (
				26A986AA1E002FA600AB8261 /* WhiteBoardTests.swift */,
				26A986AC1E002FA600AB8261 /* Info.plist */,
			);
			path = WhiteBoardTests;
			sourceTree = "<group>";
		};
		26A986B41E002FA600AB8261 /* WhiteBoardUITests */ = {
			isa = PBXGroup;
			children = (
				26A986B51E002FA600AB8261 /* WhiteBoardUITests.swift */,
				26A986B71E002FA600AB8261 /* Info.plist */,
			);
			path = WhiteBoardUITests;
			sourceTree = "<group>";
		};
		26A986C31E004FA400AB8261 /* Auxliary */ = {
			isa = PBXGroup;
			children = (
				26A986951E002FA600AB8261 /* AppDelegate.swift */,
			);
			name = Auxliary;
			sourceTree = "<group>";
		};
		26A986C61E00509000AB8261 /* Canvas */ = {
			isa = PBXGroup;
			children = (
				26A986C41E00508A00AB8261 /* CanvasViewController.swift */,
				26A986C71E00529F00AB8261 /* CanvasView.swift */,
				26A986C91E00BC4100AB8261 /* Mark.swift */,
				26A986CB1E01953C00AB8261 /* Vertex.swift */,
				26A986CD1E019C5200AB8261 /* Dot.swift */,
			);
			name = Canvas;
			sourceTree = "<group>";
		};
		65DC839C1E663A20BBA48C0A /* Pods */ = {
			isa = PBXGroup;
			children = (
				032D52A058029E0EB61FCB3E /* Pods-WhiteBoard.debug.xcconfig */,
				2ADDCFC7A3124F82EEDF8421 /* Pods-WhiteBoard.release.xcconfig */,
			);
			name = Pods;
			sourceTree = "<group>";
		};
/* End PBXGroup section */

/* Begin PBXNativeTarget section */
		26A986911E002FA600AB8261 /* WhiteBoard */ = {
			isa = PBXNativeTarget;
			buildConfigurationList = 26A986BA1E002FA600AB8261 /* Build configuration list for PBXNativeTarget "WhiteBoard" */;
			buildPhases = (
				CC061DE604C6C75F6AAB175B /* [CP] Check Pods Manifest.lock */,
				26A9868E1E002FA600AB8261 /* Sources */,
				26A9868F1E002FA600AB8261 /* Frameworks */,
				26A986901E002FA600AB8261 /* Resources */,
				5F13730DC71823B9DFA9D0B3 /* [CP] Embed Pods Frameworks */,
				1CE20BE5A698A59BC54D75E5 /* [CP] Copy Pods Resources */,
			);
			buildRules = (
			);
			dependencies = (
			);
			name = WhiteBoard;
			productName = WhiteBoard;
			productReference = 26A986921E002FA600AB8261 /* WhiteBoard.app */;
			productType = "com.apple.product-type.application";
		};
		26A986A51E002FA600AB8261 /* WhiteBoardTests */ = {
			isa = PBXNativeTarget;
			buildConfigurationList = 26A986BD1E002FA600AB8261 /* Build configuration list for PBXNativeTarget "WhiteBoardTests" */;
			buildPhases = (
				26A986A21E002FA600AB8261 /* Sources */,
				26A986A31E002FA600AB8261 /* Frameworks */,
				26A986A41E002FA600AB8261 /* Resources */,
			);
			buildRules = (
			);
			dependencies = (
				26A986A81E002FA600AB8261 /* PBXTargetDependency */,
			);
			name = WhiteBoardTests;
			productName = WhiteBoardTests;
			productReference = 26A986A61E002FA600AB8261 /* WhiteBoardTests.xctest */;
			productType = "com.apple.product-type.bundle.unit-test";
		};
		26A986B01E002FA600AB8261 /* WhiteBoardUITests */ = {
			isa = PBXNativeTarget;
			buildConfigurationList = 26A986C01E002FA600AB8261 /* Build configuration list for PBXNativeTarget "WhiteBoardUITests" */;
			buildPhases = (
				26A986AD1E002FA600AB8261 /* Sources */,
				26A986AE1E002FA600AB8261 /* Frameworks */,
				26A986AF1E002FA600AB8261 /* Resources */,
			);
			buildRules = (
			);
			dependencies = (
				26A986B31E002FA600AB8261 /* PBXTargetDependency */,
			);
			name = WhiteBoardUITests;
			productName = WhiteBoardUITests;
			productReference = 26A986B11E002FA600AB8261 /* WhiteBoardUITests.xctest */;
			productType = "com.apple.product-type.bundle.ui-testing";
		};
/* End PBXNativeTarget section */

/* Begin PBXProject section */
		26A9868A1E002FA600AB8261 /* Project object */ = {
			isa = PBXProject;
			attributes = {
				LastSwiftUpdateCheck = 0810;
				LastUpgradeCheck = 0810;
				ORGANIZATIONNAME = jinmao;
				TargetAttributes = {
					26A986911E002FA600AB8261 = {
						CreatedOnToolsVersion = 8.1;
						ProvisioningStyle = Automatic;
					};
					26A986A51E002FA600AB8261 = {
						CreatedOnToolsVersion = 8.1;
						ProvisioningStyle = Automatic;
						TestTargetID = 26A986911E002FA600AB8261;
					};
					26A986B01E002FA600AB8261 = {
						CreatedOnToolsVersion = 8.1;
						ProvisioningStyle = Automatic;
						TestTargetID = 26A986911E002FA600AB8261;
					};
				};
			};
			buildConfigurationList = 26A9868D1E002FA600AB8261 /* Build configuration list for PBXProject "WhiteBoard" */;
			compatibilityVersion = "Xcode 3.2";
			developmentRegion = English;
			hasScannedForEncodings = 0;
			knownRegions = (
				en,
				Base,
			);
			mainGroup = 26A986891E002FA600AB8261;
			productRefGroup = 26A986931E002FA600AB8261 /* Products */;
			projectDirPath = "";
			projectRoot = "";
			targets = (
				26A986911E002FA600AB8261 /* WhiteBoard */,
				26A986A51E002FA600AB8261 /* WhiteBoardTests */,
				26A986B01E002FA600AB8261 /* WhiteBoardUITests */,
			);
		};
/* End PBXProject section */

/* Begin PBXResourcesBuildPhase section */
		26A986901E002FA600AB8261 /* Resources */ = {
			isa = PBXResourcesBuildPhase;
			buildActionMask = 2147483647;
			files = (
				26A986A01E002FA600AB8261 /* LaunchScreen.storyboard in Resources */,
				26A9869D1E002FA600AB8261 /* Assets.xcassets in Resources */,
				26A9869B1E002FA600AB8261 /* Main.storyboard in Resources */,
			);
			runOnlyForDeploymentPostprocessing = 0;
		};
		26A986A41E002FA600AB8261 /* Resources */ = {
			isa = PBXResourcesBuildPhase;
			buildActionMask = 2147483647;
			files = (
			);
			runOnlyForDeploymentPostprocessing = 0;
		};
		26A986AF1E002FA600AB8261 /* Resources */ = {
			isa = PBXResourcesBuildPhase;
			buildActionMask = 2147483647;
			files = (
			);
			runOnlyForDeploymentPostprocessing = 0;
		};
/* End PBXResourcesBuildPhase section */

/* Begin PBXShellScriptBuildPhase section */
		1CE20BE5A698A59BC54D75E5 /* [CP] Copy Pods Resources */ = {
			isa = PBXShellScriptBuildPhase;
			buildActionMask = 2147483647;
			files = (
			);
			inputPaths = (
			);
			name = "[CP] Copy Pods Resources";
			outputPaths = (
			);
			runOnlyForDeploymentPostprocessing = 0;
			shellPath = /bin/sh;
			shellScript = "\"${SRCROOT}/Pods/Target Support Files/Pods-WhiteBoard/Pods-WhiteBoard-resources.sh\"\n";
			showEnvVarsInLog = 0;
		};
		5F13730DC71823B9DFA9D0B3 /* [CP] Embed Pods Frameworks */ = {
			isa = PBXShellScriptBuildPhase;
			buildActionMask = 2147483647;
			files = (
			);
			inputPaths = (
			);
			name = "[CP] Embed Pods Frameworks";
			outputPaths = (
			);
			runOnlyForDeploymentPostprocessing = 0;
			shellPath = /bin/sh;
			shellScript = "\"${SRCROOT}/Pods/Target Support Files/Pods-WhiteBoard/Pods-WhiteBoard-frameworks.sh\"\n";
			showEnvVarsInLog = 0;
		};
		CC061DE604C6C75F6AAB175B /* [CP] Check Pods Manifest.lock */ = {
			isa = PBXShellScriptBuildPhase;
			buildActionMask = 2147483647;
			files = (
			);
			inputPaths = (
			);
			name = "[CP] Check Pods Manifest.lock";
			outputPaths = (
			);
			runOnlyForDeploymentPostprocessing = 0;
			shellPath = /bin/sh;
			shellScript = "diff \"${PODS_ROOT}/../Podfile.lock\" \"${PODS_ROOT}/Manifest.lock\" > /dev/null\nif [ $? != 0 ] ; then\n    # print error to STDERR\n    echo \"error: The sandbox is not in sync with the Podfile.lock. Run 'pod install' or update your CocoaPods installation.\" >&2\n    exit 1\nfi\n";
			showEnvVarsInLog = 0;
		};
/* End PBXShellScriptBuildPhase section */

/* Begin PBXSourcesBuildPhase section */
		26A9868E1E002FA600AB8261 /* Sources */ = {
			isa = PBXSourcesBuildPhase;
			buildActionMask = 2147483647;
			files = (
				26A986981E002FA600AB8261 /* ViewController.swift in Sources */,
				26A986C51E00508A00AB8261 /* CanvasViewController.swift in Sources */,
				26A986C81E00529F00AB8261 /* CanvasView.swift in Sources */,
				26A986CE1E019C5200AB8261 /* Dot.swift in Sources */,
				26A986CA1E00BC4100AB8261 /* Mark.swift in Sources */,
				26A986961E002FA600AB8261 /* AppDelegate.swift in Sources */,
				26A986CC1E01953C00AB8261 /* Vertex.swift in Sources */,
			);
			runOnlyForDeploymentPostprocessing = 0;
		};
		26A986A21E002FA600AB8261 /* Sources */ = {
			isa = PBXSourcesBuildPhase;
			buildActionMask = 2147483647;
			files = (
				26A986AB1E002FA600AB8261 /* WhiteBoardTests.swift in Sources */,
			);
			runOnlyForDeploymentPostprocessing = 0;
		};
		26A986AD1E002FA600AB8261 /* Sources */ = {
			isa = PBXSourcesBuildPhase;
			buildActionMask = 2147483647;
			files = (
				26A986B61E002FA600AB8261 /* WhiteBoardUITests.swift in Sources */,
			);
			runOnlyForDeploymentPostprocessing = 0;
		};
/* End PBXSourcesBuildPhase section */

/* Begin PBXTargetDependency section */
		26A986A81E002FA600AB8261 /* PBXTargetDependency */ = {
			isa = PBXTargetDependency;
			target = 26A986911E002FA600AB8261 /* WhiteBoard */;
			targetProxy = 26A986A71E002FA600AB8261 /* PBXContainerItemProxy */;
		};
		26A986B31E002FA600AB8261 /* PBXTargetDependency */ = {
			isa = PBXTargetDependency;
			target = 26A986911E002FA600AB8261 /* WhiteBoard */;
			targetProxy = 26A986B21E002FA600AB8261 /* PBXContainerItemProxy */;
		};
/* End PBXTargetDependency section */

/* Begin PBXVariantGroup section */
		26A986991E002FA600AB8261 /* Main.storyboard */ = {
			isa = PBXVariantGroup;
			children = (
				26A9869A1E002FA600AB8261 /* Base */,
			);
			name = Main.storyboard;
			sourceTree = "<group>";
		};
		26A9869E1E002FA600AB8261 /* LaunchScreen.storyboard */ = {
			isa = PBXVariantGroup;
			children = (
				26A9869F1E002FA600AB8261 /* Base */,
			);
			name = LaunchScreen.storyboard;
			sourceTree = "<group>";
		};
/* End PBXVariantGroup section */

/* Begin XCBuildConfiguration section */
		26A986B81E002FA600AB8261 /* Debug */ = {
			isa = XCBuildConfiguration;
			buildSettings = {
				ALWAYS_SEARCH_USER_PATHS = NO;
				CLANG_ANALYZER_NONNULL = YES;
				CLANG_CXX_LANGUAGE_STANDARD = "gnu++0x";
				CLANG_CXX_LIBRARY = "libc++";
				CLANG_ENABLE_MODULES = YES;
				CLANG_ENABLE_OBJC_ARC = YES;
				CLANG_WARN_BOOL_CONVERSION = YES;
				CLANG_WARN_CONSTANT_CONVERSION = YES;
				CLANG_WARN_DIRECT_OBJC_ISA_USAGE = YES_ERROR;
				CLANG_WARN_DOCUMENTATION_COMMENTS = YES;
				CLANG_WARN_EMPTY_BODY = YES;
				CLANG_WARN_ENUM_CONVERSION = YES;
				CLANG_WARN_INFINITE_RECURSION = YES;
				CLANG_WARN_INT_CONVERSION = YES;
				CLANG_WARN_OBJC_ROOT_CLASS = YES_ERROR;
				CLANG_WARN_SUSPICIOUS_MOVE = YES;
				CLANG_WARN_SUSPICIOUS_MOVES = YES;
				CLANG_WARN_UNREACHABLE_CODE = YES;
				CLANG_WARN__DUPLICATE_METHOD_MATCH = YES;
				"CODE_SIGN_IDENTITY[sdk=iphoneos*]" = "iPhone Developer";
				COPY_PHASE_STRIP = NO;
				DEBUG_INFORMATION_FORMAT = dwarf;
				ENABLE_STRICT_OBJC_MSGSEND = YES;
				ENABLE_TESTABILITY = YES;
				GCC_C_LANGUAGE_STANDARD = gnu99;
				GCC_DYNAMIC_NO_PIC = NO;
				GCC_NO_COMMON_BLOCKS = YES;
				GCC_OPTIMIZATION_LEVEL = 0;
				GCC_PREPROCESSOR_DEFINITIONS = (
					"DEBUG=1",
					"$(inherited)",
				);
				GCC_WARN_64_TO_32_BIT_CONVERSION = YES;
				GCC_WARN_ABOUT_RETURN_TYPE = YES_ERROR;
				GCC_WARN_UNDECLARED_SELECTOR = YES;
				GCC_WARN_UNINITIALIZED_AUTOS = YES_AGGRESSIVE;
				GCC_WARN_UNUSED_FUNCTION = YES;
				GCC_WARN_UNUSED_VARIABLE = YES;
				IPHONEOS_DEPLOYMENT_TARGET = 10.1;
				MTL_ENABLE_DEBUG_INFO = YES;
				ONLY_ACTIVE_ARCH = YES;
				SDKROOT = iphoneos;
				SWIFT_ACTIVE_COMPILATION_CONDITIONS = DEBUG;
				SWIFT_OPTIMIZATION_LEVEL = "-Onone";
				TARGETED_DEVICE_FAMILY = "1,2";
			};
			name = Debug;
		};
		26A986B91E002FA600AB8261 /* Release */ = {
			isa = XCBuildConfiguration;
			buildSettings = {
				ALWAYS_SEARCH_USER_PATHS = NO;
				CLANG_ANALYZER_NONNULL = YES;
				CLANG_CXX_LANGUAGE_STANDARD = "gnu++0x";
				CLANG_CXX_LIBRARY = "libc++";
				CLANG_ENABLE_MODULES = YES;
				CLANG_ENABLE_OBJC_ARC = YES;
				CLANG_WARN_BOOL_CONVERSION = YES;
				CLANG_WARN_CONSTANT_CONVERSION = YES;
				CLANG_WARN_DIRECT_OBJC_ISA_USAGE = YES_ERROR;
				CLANG_WARN_DOCUMENTATION_COMMENTS = YES;
				CLANG_WARN_EMPTY_BODY = YES;
				CLANG_WARN_ENUM_CONVERSION = YES;
				CLANG_WARN_INFINITE_RECURSION = YES;
				CLANG_WARN_INT_CONVERSION = YES;
				CLANG_WARN_OBJC_ROOT_CLASS = YES_ERROR;
				CLANG_WARN_SUSPICIOUS_MOVE = YES;
				CLANG_WARN_SUSPICIOUS_MOVES = YES;
				CLANG_WARN_UNREACHABLE_CODE = YES;
				CLANG_WARN__DUPLICATE_METHOD_MATCH = YES;
				"CODE_SIGN_IDENTITY[sdk=iphoneos*]" = "iPhone Developer";
				COPY_PHASE_STRIP = NO;
				DEBUG_INFORMATION_FORMAT = "dwarf-with-dsym";
				ENABLE_NS_ASSERTIONS = NO;
				ENABLE_STRICT_OBJC_MSGSEND = YES;
				GCC_C_LANGUAGE_STANDARD = gnu99;
				GCC_NO_COMMON_BLOCKS = YES;
				GCC_WARN_64_TO_32_BIT_CONVERSION = YES;
				GCC_WARN_ABOUT_RETURN_TYPE = YES_ERROR;
				GCC_WARN_UNDECLARED_SELECTOR = YES;
				GCC_WARN_UNINITIALIZED_AUTOS = YES_AGGRESSIVE;
				GCC_WARN_UNUSED_FUNCTION = YES;
				GCC_WARN_UNUSED_VARIABLE = YES;
				IPHONEOS_DEPLOYMENT_TARGET = 10.1;
				MTL_ENABLE_DEBUG_INFO = NO;
				SDKROOT = iphoneos;
				SWIFT_OPTIMIZATION_LEVEL = "-Owholemodule";
				TARGETED_DEVICE_FAMILY = "1,2";
				VALIDATE_PRODUCT = YES;
			};
			name = Release;
		};
		26A986BB1E002FA600AB8261 /* Debug */ = {
			isa = XCBuildConfiguration;
			baseConfigurationReference = 032D52A058029E0EB61FCB3E /* Pods-WhiteBoard.debug.xcconfig */;
			buildSettings = {
				ALWAYS_EMBED_SWIFT_STANDARD_LIBRARIES = YES;
				ASSETCATALOG_COMPILER_APPICON_NAME = AppIcon;
				INFOPLIST_FILE = WhiteBoard/Info.plist;
				LD_RUNPATH_SEARCH_PATHS = "$(inherited) @executable_path/Frameworks";
				PRODUCT_BUNDLE_IDENTIFIER = JinMao.WhiteBoard;
				PRODUCT_NAME = "$(TARGET_NAME)";
				SWIFT_VERSION = 3.0.1;
			};
			name = Debug;
		};
		26A986BC1E002FA600AB8261 /* Release */ = {
			isa = XCBuildConfiguration;
			baseConfigurationReference = 2ADDCFC7A3124F82EEDF8421 /* Pods-WhiteBoard.release.xcconfig */;
			buildSettings = {
				ALWAYS_EMBED_SWIFT_STANDARD_LIBRARIES = YES;
				ASSETCATALOG_COMPILER_APPICON_NAME = AppIcon;
				INFOPLIST_FILE = WhiteBoard/Info.plist;
				LD_RUNPATH_SEARCH_PATHS = "$(inherited) @executable_path/Frameworks";
				PRODUCT_BUNDLE_IDENTIFIER = JinMao.WhiteBoard;
				PRODUCT_NAME = "$(TARGET_NAME)";
				SWIFT_VERSION = 3.0.1;
			};
			name = Release;
		};
		26A986BE1E002FA600AB8261 /* Debug */ = {
			isa = XCBuildConfiguration;
			buildSettings = {
				ALWAYS_EMBED_SWIFT_STANDARD_LIBRARIES = YES;
				BUNDLE_LOADER = "$(TEST_HOST)";
				INFOPLIST_FILE = WhiteBoardTests/Info.plist;
				LD_RUNPATH_SEARCH_PATHS = "$(inherited) @executable_path/Frameworks @loader_path/Frameworks";
				PRODUCT_BUNDLE_IDENTIFIER = JinMao.WhiteBoardTests;
				PRODUCT_NAME = "$(TARGET_NAME)";
				SWIFT_VERSION = 3.0;
				TEST_HOST = "$(BUILT_PRODUCTS_DIR)/WhiteBoard.app/WhiteBoard";
			};
			name = Debug;
		};
		26A986BF1E002FA600AB8261 /* Release */ = {
			isa = XCBuildConfiguration;
			buildSettings = {
				ALWAYS_EMBED_SWIFT_STANDARD_LIBRARIES = YES;
				BUNDLE_LOADER = "$(TEST_HOST)";
				INFOPLIST_FILE = WhiteBoardTests/Info.plist;
				LD_RUNPATH_SEARCH_PATHS = "$(inherited) @executable_path/Frameworks @loader_path/Frameworks";
				PRODUCT_BUNDLE_IDENTIFIER = JinMao.WhiteBoardTests;
				PRODUCT_NAME = "$(TARGET_NAME)";
				SWIFT_VERSION = 3.0;
				TEST_HOST = "$(BUILT_PRODUCTS_DIR)/WhiteBoard.app/WhiteBoard";
			};
			name = Release;
		};
		26A986C11E002FA600AB8261 /* Debug */ = {
			isa = XCBuildConfiguration;
			buildSettings = {
				ALWAYS_EMBED_SWIFT_STANDARD_LIBRARIES = YES;
				INFOPLIST_FILE = WhiteBoardUITests/Info.plist;
				LD_RUNPATH_SEARCH_PATHS = "$(inherited) @executable_path/Frameworks @loader_path/Frameworks";
				PRODUCT_BUNDLE_IDENTIFIER = JinMao.WhiteBoardUITests;
				PRODUCT_NAME = "$(TARGET_NAME)";
				SWIFT_VERSION = 3.0;
				TEST_TARGET_NAME = WhiteBoard;
			};
			name = Debug;
		};
		26A986C21E002FA600AB8261 /* Release */ = {
			isa = XCBuildConfiguration;
			buildSettings = {
				ALWAYS_EMBED_SWIFT_STANDARD_LIBRARIES = YES;
				INFOPLIST_FILE = WhiteBoardUITests/Info.plist;
				LD_RUNPATH_SEARCH_PATHS = "$(inherited) @executable_path/Frameworks @loader_path/Frameworks";
				PRODUCT_BUNDLE_IDENTIFIER = JinMao.WhiteBoardUITests;
				PRODUCT_NAME = "$(TARGET_NAME)";
				SWIFT_VERSION = 3.0;
				TEST_TARGET_NAME = WhiteBoard;
			};
			name = Release;
		};
/* End XCBuildConfiguration section */

/* Begin XCConfigurationList section */
		26A9868D1E002FA600AB8261 /* Build configuration list for PBXProject "WhiteBoard" */ = {
			isa = XCConfigurationList;
			buildConfigurations = (
				26A986B81E002FA600AB8261 /* Debug */,
				26A986B91E002FA600AB8261 /* Release */,
			);
			defaultConfigurationIsVisible = 0;
			defaultConfigurationName = Release;
		};
		26A986BA1E002FA600AB8261 /* Build configuration list for PBXNativeTarget "WhiteBoard" */ = {
			isa = XCConfigurationList;
			buildConfigurations = (
				26A986BB1E002FA600AB8261 /* Debug */,
				26A986BC1E002FA600AB8261 /* Release */,
			);
			defaultConfigurationIsVisible = 0;
			defaultConfigurationName = Release;
		};
		26A986BD1E002FA600AB8261 /* Build configuration list for PBXNativeTarget "WhiteBoardTests" */ = {
			isa = XCConfigurationList;
			buildConfigurations = (
				26A986BE1E002FA600AB8261 /* Debug */,
				26A986BF1E002FA600AB8261 /* Release */,
			);
			defaultConfigurationIsVisible = 0;
			defaultConfigurationName = Release;
		};
		26A986C01E002FA600AB8261 /* Build configuration list for PBXNativeTarget "WhiteBoardUITests" */ = {
			isa = XCConfigurationList;
			buildConfigurations = (
				26A986C11E002FA600AB8261 /* Debug */,
				26A986C21E002FA600AB8261 /* Release */,
			);
			defaultConfigurationIsVisible = 0;
			defaultConfigurationName = Release;
		};
/* End XCConfigurationList section */
	};
	rootObject = 26A9868A1E002FA600AB8261 /* Project object */;
}
